
Microsoft Visual Studio Solution File, Format Version 12.00
# Visual Studio Version 17
VisualStudioVersion = 17.14.36429.23 d17.14
MinimumVisualStudioVersion = 10.0.40219.1
Project("{FAE04EC0-301F-11D3-BF4B-00C04F79EFBC}") = "Introduction", "Introduction\Introduction.csproj", "{CFC6D09A-DC9D-46D8-A653-657177D13F8F}"
EndProject
Global
	GlobalSection(SolutionConfigurationPlatforms) = preSolution
		Debug|Any CPU = Debug|Any CPU
		Release|Any CPU = Release|Any CPU
	EndGlobalSection
	GlobalSection(ProjectConfigurationPlatforms) = postSolution
		{CFC6D09A-DC9D-46D8-A653-657177D13F8F}.Debug|Any CPU.ActiveCfg = Debug|Any CPU
		{CFC6D09A-DC9D-46D8-A653-657177D13F8F}.Debug|Any CPU.Build.0 = Debug|Any CPU
		{CFC6D09A-DC9D-46D8-A653-657177D13F8F}.Release|Any CPU.ActiveCfg = Release|Any CPU
		{CFC6D09A-DC9D-46D8-A653-657177D13F8F}.Release|Any CPU.Build.0 = Release|Any CPU
	EndGlobalSection
	GlobalSection(SolutionProperties) = preSolution
		HideSolutionNode = FALSE
	EndGlobalSection
	GlobalSection(ExtensibilityGlobals) = postSolution
		SolutionGuid = {D274500E-C098-4AB9-9821-C89EDAB79555}
	EndGlobalSection
EndGlobal
